
Microsoft Visual Studio Solution File, Format Version 12.00
# Visual Studio Version 16
VisualStudioVersion = 16.0.30804.86
MinimumVisualStudioVersion = 10.0.40219.1
Project("{FAE04EC0-301F-11D3-BF4B-00C04F79EFBC}") = "Hierarchia.Android", "Hierarchia.Android\Hierarchia.Android.csproj", "{9823B0AF-1010-4D42-B8FE-BEBDB59889ED}"
EndProject
Project("{FAE04EC0-301F-11D3-BF4B-00C04F79EFBC}") = "Hierarchia", "Hierarchia\Hierarchia.csproj", "{754559F7-CA1A-4150-A74A-72C7A7D212A8}"
EndProject
Global
	GlobalSection(SolutionConfigurationPlatforms) = preSolution
		Debug|Any CPU = Debug|Any CPU
		Release|Any CPU = Release|Any CPU
	EndGlobalSection
	GlobalSection(ProjectConfigurationPlatforms) = postSolution
		{9823B0AF-1010-4D42-B8FE-BEBDB59889ED}.Debug|Any CPU.ActiveCfg = Debug|Any CPU
		{9823B0AF-1010-4D42-B8FE-BEBDB59889ED}.Debug|Any CPU.Build.0 = Debug|Any CPU
		{9823B0AF-1010-4D42-B8FE-BEBDB59889ED}.Debug|Any CPU.Deploy.0 = Debug|Any CPU
		{9823B0AF-1010-4D42-B8FE-BEBDB59889ED}.Release|Any CPU.ActiveCfg = Release|Any CPU
		{9823B0AF-1010-4D42-B8FE-BEBDB59889ED}.Release|Any CPU.Build.0 = Release|Any CPU
		{9823B0AF-1010-4D42-B8FE-BEBDB59889ED}.Release|Any CPU.Deploy.0 = Release|Any CPU
		{754559F7-CA1A-4150-A74A-72C7A7D212A8}.Debug|Any CPU.ActiveCfg = Debug|Any CPU
		{754559F7-CA1A-4150-A74A-72C7A7D212A8}.Debug|Any CPU.Build.0 = Debug|Any CPU
		{754559F7-CA1A-4150-A74A-72C7A7D212A8}.Debug|Any CPU.Deploy.0 = Debug|Any CPU
		{754559F7-CA1A-4150-A74A-72C7A7D212A8}.Release|Any CPU.ActiveCfg = Release|Any CPU
		{754559F7-CA1A-4150-A74A-72C7A7D212A8}.Release|Any CPU.Build.0 = Release|Any CPU
		{754559F7-CA1A-4150-A74A-72C7A7D212A8}.Release|Any CPU.Deploy.0 = Release|Any CPU
	EndGlobalSection
	GlobalSection(SolutionProperties) = preSolution
		HideSolutionNode = FALSE
	EndGlobalSection
	GlobalSection(ExtensibilityGlobals) = postSolution
		SolutionGuid = {64AD4E94-4409-4BA3-97C9-315FDC808FD8}
	EndGlobalSection
EndGlobal
